// !$*UTF8*$!
{
	archiveVersion = 1;
	classes = {
	};
	objectVersion = 55;
	objects = {

/* Begin PBXBuildFile section */
		EEC9628D29583B8500897958 /* main.cpp in Sources */ = {isa = PBXBuildFile; fileRef = EEC9628C29583B8500897958 /* main.cpp */; };
		EEC9629529583C5F00897958 /* tokenizer.cpp in Sources */ = {isa = PBXBuildFile; fileRef = EEC9629329583C5F00897958 /* tokenizer.cpp */; };
		EEC9629829583C7800897958 /* compilation-engine.cpp in Sources */ = {isa = PBXBuildFile; fileRef = EEC9629629583C7800897958 /* compilation-engine.cpp */; };
		EEC9629B29583E4B00897958 /* jack-analyser.cpp in Sources */ = {isa = PBXBuildFile; fileRef = EEC9629929583E4B00897958 /* jack-analyser.cpp */; };
/* End PBXBuildFile section */

/* Begin PBXCopyFilesBuildPhase section */
		EEC9628729583B8500897958 /* CopyFiles */ = {
			isa = PBXCopyFilesBuildPhase;
			buildActionMask = 2147483647;
			dstPath = /usr/share/man/man1/;
			dstSubfolderSpec = 0;
			files = (
			);
			runOnlyForDeploymentPostprocessing = 1;
		};
/* End PBXCopyFilesBuildPhase section */

/* Begin PBXFileReference section */
		EEC9628929583B8500897958 /* jack-analyser */ = {isa = PBXFileReference; explicitFileType = "compiled.mach-o.executable"; includeInIndex = 0; path = "jack-analyser"; sourceTree = BUILT_PRODUCTS_DIR; };
		EEC9628C29583B8500897958 /* main.cpp */ = {isa = PBXFileReference; lastKnownFileType = sourcecode.cpp.cpp; path = main.cpp; sourceTree = "<group>"; };
		EEC9629329583C5F00897958 /* tokenizer.cpp */ = {isa = PBXFileReference; lastKnownFileType = sourcecode.cpp.cpp; name = tokenizer.cpp; path = tokenizer/tokenizer.cpp; sourceTree = "<group>"; };
		EEC9629429583C5F00897958 /* tokenizer.hpp */ = {isa = PBXFileReference; lastKnownFileType = sourcecode.cpp.h; name = tokenizer.hpp; path = tokenizer/tokenizer.hpp; sourceTree = "<group>"; };
		EEC9629629583C7800897958 /* compilation-engine.cpp */ = {isa = PBXFileReference; lastKnownFileType = sourcecode.cpp.cpp; name = "compilation-engine.cpp"; path = "compilation-engine/compilation-engine.cpp"; sourceTree = "<group>"; };
		EEC9629729583C7800897958 /* compilation-engine.hpp */ = {isa = PBXFileReference; lastKnownFileType = sourcecode.cpp.h; name = "compilation-engine.hpp"; path = "compilation-engine/compilation-engine.hpp"; sourceTree = "<group>"; };
		EEC9629929583E4B00897958 /* jack-analyser.cpp */ = {isa = PBXFileReference; lastKnownFileType = sourcecode.cpp.cpp; path = "jack-analyser.cpp"; sourceTree = "<group>"; };
		EEC9629A29583E4B00897958 /* jack-analyser.hpp */ = {isa = PBXFileReference; lastKnownFileType = sourcecode.cpp.h; path = "jack-analyser.hpp"; sourceTree = "<group>"; };
		EEC9629C2958403100897958 /* ref.h */ = {isa = PBXFileReference; lastKnownFileType = sourcecode.c.h; name = ref.h; path = ref/ref.h; sourceTree = "<group>"; };
/* End PBXFileReference section */

/* Begin PBXFrameworksBuildPhase section */
		EEC9628629583B8500897958 /* Frameworks */ = {
			isa = PBXFrameworksBuildPhase;
			buildActionMask = 2147483647;
			files = (
			);
			runOnlyForDeploymentPostprocessing = 0;
		};
/* End PBXFrameworksBuildPhase section */

/* Begin PBXGroup section */
		EEC9628029583B8500897958 = {
			isa = PBXGroup;
			children = (
				EEC9629C2958403100897958 /* ref.h */,
				EEC9629629583C7800897958 /* compilation-engine.cpp */,
				EEC9629729583C7800897958 /* compilation-engine.hpp */,
				EEC9629329583C5F00897958 /* tokenizer.cpp */,
				EEC9629429583C5F00897958 /* tokenizer.hpp */,
				EEC9628B29583B8500897958 /* jack-analyser */,
				EEC9628A29583B8500897958 /* Products */,
			);
			sourceTree = "<group>";
		};
		EEC9628A29583B8500897958 /* Products */ = {
			isa = PBXGroup;
			children = (
				EEC9628929583B8500897958 /* jack-analyser */,
			);
			name = Products;
			sourceTree = "<group>";
		};
		EEC9628B29583B8500897958 /* jack-analyser */ = {
			isa = PBXGroup;
			children = (
				EEC9628C29583B8500897958 /* main.cpp */,
				EEC9629929583E4B00897958 /* jack-analyser.cpp */,
				EEC9629A29583E4B00897958 /* jack-analyser.hpp */,
			);
			path = "jack-analyser";
			sourceTree = "<group>";
		};
/* End PBXGroup section */

/* Begin PBXNativeTarget section */
		EEC9628829583B8500897958 /* jack-analyser */ = {
			isa = PBXNativeTarget;
			buildConfigurationList = EEC9629029583B8500897958 /* Build configuration list for PBXNativeTarget "jack-analyser" */;
			buildPhases = (
				EEC9628529583B8500897958 /* Sources */,
				EEC9628629583B8500897958 /* Frameworks */,
				EEC9628729583B8500897958 /* CopyFiles */,
			);
			buildRules = (
			);
			dependencies = (
			);
			name = "jack-analyser";
			productName = "jack-analyser";
			productReference = EEC9628929583B8500897958 /* jack-analyser */;
			productType = "com.apple.product-type.tool";
		};
/* End PBXNativeTarget section */

/* Begin PBXProject section */
		EEC9628129583B8500897958 /* Project object */ = {
			isa = PBXProject;
			attributes = {
				BuildIndependentTargetsInParallel = 1;
				LastUpgradeCheck = 1340;
				TargetAttributes = {
					EEC9628829583B8500897958 = {
						CreatedOnToolsVersion = 13.4.1;
					};
				};
			};
			buildConfigurationList = EEC9628429583B8500897958 /* Build configuration list for PBXProject "jack-analyser" */;
			compatibilityVersion = "Xcode 13.0";
			developmentRegion = en;
			hasScannedForEncodings = 0;
			knownRegions = (
				en,
				Base,
			);
			mainGroup = EEC9628029583B8500897958;
			productRefGroup = EEC9628A29583B8500897958 /* Products */;
			projectDirPath = "";
			projectRoot = "";
			targets = (
				EEC9628829583B8500897958 /* jack-analyser */,
			);
		};
/* End PBXProject section */

/* Begin PBXSourcesBuildPhase section */
		EEC9628529583B8500897958 /* Sources */ = {
			isa = PBXSourcesBuildPhase;
			buildActionMask = 2147483647;
			files = (
				EEC9629829583C7800897958 /* compilation-engine.cpp in Sources */,
				EEC9628D29583B8500897958 /* main.cpp in Sources */,
				EEC9629529583C5F00897958 /* tokenizer.cpp in Sources */,
				EEC9629B29583E4B00897958 /* jack-analyser.cpp in Sources */,
			);
			runOnlyForDeploymentPostprocessing = 0;
		};
/* End PBXSourcesBuildPhase section */

/* Begin XCBuildConfiguration section */
		EEC9628E29583B8500897958 /* Debug */ = {
			isa = XCBuildConfiguration;
			buildSettings = {
				ALWAYS_SEARCH_USER_PATHS = NO;
				CLANG_ANALYZER_NONNULL = YES;
				CLANG_ANALYZER_NUMBER_OBJECT_CONVERSION = YES_AGGRESSIVE;
				CLANG_CXX_LANGUAGE_STANDARD = "gnu++17";
				CLANG_ENABLE_MODULES = YES;
				CLANG_ENABLE_OBJC_ARC = YES;
				CLANG_ENABLE_OBJC_WEAK = YES;
				CLANG_WARN_BLOCK_CAPTURE_AUTORELEASING = YES;
				CLANG_WARN_BOOL_CONVERSION = YES;
				CLANG_WARN_COMMA = YES;
				CLANG_WARN_CONSTANT_CONVERSION = YES;
				CLANG_WARN_DEPRECATED_OBJC_IMPLEMENTATIONS = YES;
				CLANG_WARN_DIRECT_OBJC_ISA_USAGE = YES_ERROR;
				CLANG_WARN_DOCUMENTATION_COMMENTS = YES;
				CLANG_WARN_EMPTY_BODY = YES;
				CLANG_WARN_ENUM_CONVERSION = YES;
				CLANG_WARN_INFINITE_RECURSION = YES;
				CLANG_WARN_INT_CONVERSION = YES;
				CLANG_WARN_NON_LITERAL_NULL_CONVERSION = YES;
				CLANG_WARN_OBJC_IMPLICIT_RETAIN_SELF = YES;
				CLANG_WARN_OBJC_LITERAL_CONVERSION = YES;
				CLANG_WARN_OBJC_ROOT_CLASS = YES_ERROR;
				CLANG_WARN_QUOTED_INCLUDE_IN_FRAMEWORK_HEADER = YES;
				CLANG_WARN_RANGE_LOOP_ANALYSIS = YES;
				CLANG_WARN_STRICT_PROTOTYPES = YES;
				CLANG_WARN_SUSPICIOUS_MOVE = YES;
				CLANG_WARN_UNGUARDED_AVAILABILITY = YES_AGGRESSIVE;
				CLANG_WARN_UNREACHABLE_CODE = YES;
				CLANG_WARN__DUPLICATE_METHOD_MATCH = YES;
				COPY_PHASE_STRIP = NO;
				DEBUG_INFORMATION_FORMAT = dwarf;
				ENABLE_STRICT_OBJC_MSGSEND = YES;
				ENABLE_TESTABILITY = YES;
				GCC_C_LANGUAGE_STANDARD = gnu11;
				GCC_DYNAMIC_NO_PIC = NO;
				GCC_NO_COMMON_BLOCKS = YES;
				GCC_OPTIMIZATION_LEVEL = 0;
				GCC_PREPROCESSOR_DEFINITIONS = (
					"DEBUG=1",
					"$(inherited)",
				);
				GCC_WARN_64_TO_32_BIT_CONVERSION = YES;
				GCC_WARN_ABOUT_RETURN_TYPE = YES_ERROR;
				GCC_WARN_UNDECLARED_SELECTOR = YES;
				GCC_WARN_UNINITIALIZED_AUTOS = YES_AGGRESSIVE;
				GCC_WARN_UNUSED_FUNCTION = YES;
				GCC_WARN_UNUSED_VARIABLE = YES;
				MACOSX_DEPLOYMENT_TARGET = 12.0;
				MTL_ENABLE_DEBUG_INFO = INCLUDE_SOURCE;
				MTL_FAST_MATH = YES;
				ONLY_ACTIVE_ARCH = YES;
				SDKROOT = macosx;
			};
			name = Debug;
		};
		EEC9628F29583B8500897958 /* Release */ = {
			isa = XCBuildConfiguration;
			buildSettings = {
				ALWAYS_SEARCH_USER_PATHS = NO;
				CLANG_ANALYZER_NONNULL = YES;
				CLANG_ANALYZER_NUMBER_OBJECT_CONVERSION = YES_AGGRESSIVE;
				CLANG_CXX_LANGUAGE_STANDARD = "gnu++17";
				CLANG_ENABLE_MODULES = YES;
				CLANG_ENABLE_OBJC_ARC = YES;
				CLANG_ENABLE_OBJC_WEAK = YES;
				CLANG_WARN_BLOCK_CAPTURE_AUTORELEASING = YES;
				CLANG_WARN_BOOL_CONVERSION = YES;
				CLANG_WARN_COMMA = YES;
				CLANG_WARN_CONSTANT_CONVERSION = YES;
				CLANG_WARN_DEPRECATED_OBJC_IMPLEMENTATIONS = YES;
				CLANG_WARN_DIRECT_OBJC_ISA_USAGE = YES_ERROR;
				CLANG_WARN_DOCUMENTATION_COMMENTS = YES;
				CLANG_WARN_EMPTY_BODY = YES;
				CLANG_WARN_ENUM_CONVERSION = YES;
				CLANG_WARN_INFINITE_RECURSION = YES;
				CLANG_WARN_INT_CONVERSION = YES;
				CLANG_WARN_NON_LITERAL_NULL_CONVERSION = YES;
				CLANG_WARN_OBJC_IMPLICIT_RETAIN_SELF = YES;
				CLANG_WARN_OBJC_LITERAL_CONVERSION = YES;
				CLANG_WARN_OBJC_ROOT_CLASS = YES_ERROR;
				CLANG_WARN_QUOTED_INCLUDE_IN_FRAMEWORK_HEADER = YES;
				CLANG_WARN_RANGE_LOOP_ANALYSIS = YES;
				CLANG_WARN_STRICT_PROTOTYPES = YES;
				CLANG_WARN_SUSPICIOUS_MOVE = YES;
				CLANG_WARN_UNGUARDED_AVAILABILITY = YES_AGGRESSIVE;
				CLANG_WARN_UNREACHABLE_CODE = YES;
				CLANG_WARN__DUPLICATE_METHOD_MATCH = YES;
				COPY_PHASE_STRIP = NO;
				DEBUG_INFORMATION_FORMAT = "dwarf-with-dsym";
				ENABLE_NS_ASSERTIONS = NO;
				ENABLE_STRICT_OBJC_MSGSEND = YES;
				GCC_C_LANGUAGE_STANDARD = gnu11;
				GCC_NO_COMMON_BLOCKS = YES;
				GCC_WARN_64_TO_32_BIT_CONVERSION = YES;
				GCC_WARN_ABOUT_RETURN_TYPE = YES_ERROR;
				GCC_WARN_UNDECLARED_SELECTOR = YES;
				GCC_WARN_UNINITIALIZED_AUTOS = YES_AGGRESSIVE;
				GCC_WARN_UNUSED_FUNCTION = YES;
				GCC_WARN_UNUSED_VARIABLE = YES;
				MACOSX_DEPLOYMENT_TARGET = 12.0;
				MTL_ENABLE_DEBUG_INFO = NO;
				MTL_FAST_MATH = YES;
				SDKROOT = macosx;
			};
			name = Release;
		};
		EEC9629129583B8500897958 /* Debug */ = {
			isa = XCBuildConfiguration;
			buildSettings = {
				CODE_SIGN_STYLE = Automatic;
				DEVELOPMENT_TEAM = P6XMGXS656;
				ENABLE_HARDENED_RUNTIME = YES;
				PRODUCT_NAME = "$(TARGET_NAME)";
			};
			name = Debug;
		};
		EEC9629229583B8500897958 /* Release */ = {
			isa = XCBuildConfiguration;
			buildSettings = {
				CODE_SIGN_STYLE = Automatic;
				DEVELOPMENT_TEAM = P6XMGXS656;
				ENABLE_HARDENED_RUNTIME = YES;
				PRODUCT_NAME = "$(TARGET_NAME)";
			};
			name = Release;
		};
/* End XCBuildConfiguration section */

/* Begin XCConfigurationList section */
		EEC9628429583B8500897958 /* Build configuration list for PBXProject "jack-analyser" */ = {
			isa = XCConfigurationList;
			buildConfigurations = (
				EEC9628E29583B8500897958 /* Debug */,
				EEC9628F29583B8500897958 /* Release */,
			);
			defaultConfigurationIsVisible = 0;
			defaultConfigurationName = Release;
		};
		EEC9629029583B8500897958 /* Build configuration list for PBXNativeTarget "jack-analyser" */ = {
			isa = XCConfigurationList;
			buildConfigurations = (
				EEC9629129583B8500897958 /* Debug */,
				EEC9629229583B8500897958 /* Release */,
			);
			defaultConfigurationIsVisible = 0;
			defaultConfigurationName = Release;
		};
/* End XCConfigurationList section */
	};
	rootObject = EEC9628129583B8500897958 /* Project object */;
}
